{
  "name": "tdt-server",
  "lockfileVersion": 3,
  "requires": true,
  "packages": {
    "": {
      "devDependencies": {
        "prettier": "3.8.3",
        "prettier-plugin-java": "2.9.2"
      }
    },
    "node_modules/prettier": {
      "version": "3.8.3",
      "resolved": "https://registry.npmjs.org/prettier/-/prettier-3.8.3.tgz",
      "integrity": "sha512-7igPTM53cGHMW8xWuVTydi2KO233VFiTNyF5hLJqpilHfmn8C8gPf+PS7dUT64YcXFbiMGZxS9pCSxL/Dxm/Jw==",
      "dev": true,
      "license": "MIT",
      "bin": {
        "prettier": "bin/prettier.cjs"
      },
      "engines": {
        "node": ">=14"
      },
      "funding": {
        "url": "https://github.com/prettier/prettier?sponsor=1"
      }
    },
    "node_modules/prettier-plugin-java": {
      "version": "2.9.2",
      "resolved": "https://registry.npmjs.org/prettier-plugin-java/-/prettier-plugin-java-2.9.2.tgz",
      "integrity": "sha512-xj0/y8DIPyWE1NXi4hryRNtS6GbuGDa+zK0bKTQqRe3RkhJqcmSzJMyY2Xclv/W9/mL4YYAFfkdMgeRBIOi4Qw==",
      "dev": true,
      "license": "Apache-2.0",
      "dependencies": {
        "web-tree-sitter": "0.26.8"
      },
      "peerDependencies": {
        "prettier": "^3.0.0"
      }
    },
    "node_modules/web-tree-sitter": {
      "version": "0.26.8",
      "resolved": "https://registry.npmjs.org/web-tree-sitter/-/web-tree-sitter-0.26.8.tgz",
      "integrity": "sha512-4sUwi7ZyOrIk5KLgYLkc2A/F0LFMQnBhfb+2Cdl7ik4ePJ6JD+fk4ofI2sA5eGawBKBaK4Vntt7Ww5KcEsay4A==",
      "dev": true,
      "license": "MIT"
    }
  }
}
